{
  "originHash" : "0c7c5a711381d5ae517745a93086d066aff288bc772e4ad7af8530d5d47c28f8",
  "pins" : [
    {
      "identity" : "is-camera-on",
      "kind" : "remoteSourceControl",
      "location" : "https://github.com/sindresorhus/is-camera-on",
      "state" : {
        "revision" : "4bbc8632b3d3e1b595de8ee0b39d31565b813b47",
        "version" : "3.0.0"
      }
    },
    {
      "identity" : "sparkle",
      "kind" : "remoteSourceControl",
      "location" : "https://github.com/sparkle-project/Sparkle",
      "state" : {
        "revision" : "eef1a539a373c1f1a320624b1130fc5de7b2e100",
        "version" : "2.10.0"
      }
    }
  ],
  "version" : 3
}
